// !$*UTF8*$!
{
	archiveVersion = 1;
	classes = {
	};
	objectVersion = 46;
	objects = {

/* Begin PBXBuildFile section */
		92B3B1BA1A22754D0091DA58 /* AppDelegate.swift in Sources */ = {isa = PBXBuildFile; fileRef = 92B3B1B91A22754D0091DA58 /* AppDelegate.swift */; };
		92B3B1BC1A22754D0091DA58 /* ViewController.swift in Sources */ = {isa = PBXBuildFile; fileRef = 92B3B1BB1A22754D0091DA58 /* ViewController.swift */; };
		92B3B1BF1A22754D0091DA58 /* Main.storyboard in Resources */ = {isa = PBXBuildFile; fileRef = 92B3B1BD1A22754D0091DA58 /* Main.storyboard */; };
		92B3B1C11A22754D0091DA58 /* Images.xcassets in Resources */ = {isa = PBXBuildFile; fileRef = 92B3B1C01A22754D0091DA58 /* Images.xcassets */; };
		92B3B1C41A22754D0091DA58 /* LaunchScreen.xib in Resources */ = {isa = PBXBuildFile; fileRef = 92B3B1C21A22754D0091DA58 /* LaunchScreen.xib */; };
		92B3B1D01A22754D0091DA58 /* ejemploTests.swift in Sources */ = {isa = PBXBuildFile; fileRef = 92B3B1CF1A22754D0091DA58 /* ejemploTests.swift */; };
		92B3B1DB1A2275D80091DA58 /* banana.png in Resources */ = {isa = PBXBuildFile; fileRef = 92B3B1D91A2275D80091DA58 /* banana.png */; };
		92B3B1DC1A2275D80091DA58 /* monkey.png in Resources */ = {isa = PBXBuildFile; fileRef = 92B3B1DA1A2275D80091DA58 /* monkey.png */; };
		92B3B1DE1A227B4A0091DA58 /* TickleGestureRecognizer.swift in Sources */ = {isa = PBXBuildFile; fileRef = 92B3B1DD1A227B4A0091DA58 /* TickleGestureRecognizer.swift */; };
/* End PBXBuildFile section */

/* Begin PBXContainerItemProxy section */
		92B3B1CA1A22754D0091DA58 /* PBXContainerItemProxy */ = {
			isa = PBXContainerItemProxy;
			containerPortal = 92B3B1AC1A22754D0091DA58 /* Project object */;
			proxyType = 1;
			remoteGlobalIDString = 92B3B1B31A22754D0091DA58;
			remoteInfo = ejemplo;
		};
/* End PBXContainerItemProxy section */

/* Begin PBXFileReference section */
		92B3B1B41A22754D0091DA58 /* ejemplo.app */ = {isa = PBXFileReference; explicitFileType = wrapper.application; includeInIndex = 0; path = ejemplo.app; sourceTree = BUILT_PRODUCTS_DIR; };
		92B3B1B81A22754D0091DA58 /* Info.plist */ = {isa = PBXFileReference; lastKnownFileType = text.plist.xml; path = Info.plist; sourceTree = "<group>"; };
		92B3B1B91A22754D0091DA58 /* AppDelegate.swift */ = {isa = PBXFileReference; lastKnownFileType = sourcecode.swift; path = AppDelegate.swift; sourceTree = "<group>"; };
		92B3B1BB1A22754D0091DA58 /* ViewController.swift */ = {isa = PBXFileReference; lastKnownFileType = sourcecode.swift; path = ViewController.swift; sourceTree = "<group>"; };
		92B3B1BE1A22754D0091DA58 /* Base */ = {isa = PBXFileReference; lastKnownFileType = file.storyboard; name = Base; path = Base.lproj/Main.storyboard; sourceTree = "<group>"; };
		92B3B1C01A22754D0091DA58 /* Images.xcassets */ = {isa = PBXFileReference; lastKnownFileType = folder.assetcatalog; path = Images.xcassets; sourceTree = "<group>"; };
		92B3B1C31A22754D0091DA58 /* Base */ = {isa = PBXFileReference; lastKnownFileType = file.xib; name = Base; path = Base.lproj/LaunchScreen.xib; sourceTree = "<group>"; };
		92B3B1C91A22754D0091DA58 /* ejemploTests.xctest */ = {isa = PBXFileReference; explicitFileType = wrapper.cfbundle; includeInIndex = 0; path = ejemploTests.xctest; sourceTree = BUILT_PRODUCTS_DIR; };
		92B3B1CE1A22754D0091DA58 /* Info.plist */ = {isa = PBXFileReference; lastKnownFileType = text.plist.xml; path = Info.plist; sourceTree = "<group>"; };
		92B3B1CF1A22754D0091DA58 /* ejemploTests.swift */ = {isa = PBXFileReference; lastKnownFileType = sourcecode.swift; path = ejemploTests.swift; sourceTree = "<group>"; };
		92B3B1D91A2275D80091DA58 /* banana.png */ = {isa = PBXFileReference; lastKnownFileType = image.png; name = banana.png; path = ../banana.png; sourceTree = "<group>"; };
		92B3B1DA1A2275D80091DA58 /* monkey.png */ = {isa = PBXFileReference; lastKnownFileType = image.png; name = monkey.png; path = ../monkey.png; sourceTree = "<group>"; };
		92B3B1DD1A227B4A0091DA58 /* TickleGestureRecognizer.swift */ = {isa = PBXFileReference; fileEncoding = 4; lastKnownFileType = sourcecode.swift; path = TickleGestureRecognizer.swift; sourceTree = "<group>"; };
		92B3B1DF1A227D5C0091DA58 /* ejemplo-Bridging-Header.h */ = {isa = PBXFileReference; lastKnownFileType = sourcecode.c.h; path = "ejemplo-Bridging-Header.h"; sourceTree = "<group>"; };
/* End PBXFileReference section */

/* Begin PBXFrameworksBuildPhase section */
		92B3B1B11A22754D0091DA58 /* Frameworks */ = {
			isa = PBXFrameworksBuildPhase;
			buildActionMask = 2147483647;
			files = (
			);
			runOnlyForDeploymentPostprocessing = 0;
		};
		92B3B1C61A22754D0091DA58 /* Frameworks */ = {
			isa = PBXFrameworksBuildPhase;
			buildActionMask = 2147483647;
			files = (
			);
			runOnlyForDeploymentPostprocessing = 0;
		};
/* End PBXFrameworksBuildPhase section */

/* Begin PBXGroup section */
		92B3B1AB1A22754D0091DA58 = {
			isa = PBXGroup;
			children = (
				92B3B1B61A22754D0091DA58 /* ejemplo */,
				92B3B1CC1A22754D0091DA58 /* ejemploTests */,
				92B3B1B51A22754D0091DA58 /* Products */,
			);
			sourceTree = "<group>";
		};
		92B3B1B51A22754D0091DA58 /* Products */ = {
			isa = PBXGroup;
			children = (
				92B3B1B41A22754D0091DA58 /* ejemplo.app */,
				92B3B1C91A22754D0091DA58 /* ejemploTests.xctest */,
			);
			name = Products;
			sourceTree = "<group>";
		};
		92B3B1B61A22754D0091DA58 /* ejemplo */ = {
			isa = PBXGroup;
			children = (
				92B3B1D91A2275D80091DA58 /* banana.png */,
				92B3B1DA1A2275D80091DA58 /* monkey.png */,
				92B3B1B91A22754D0091DA58 /* AppDelegate.swift */,
				92B3B1BB1A22754D0091DA58 /* ViewController.swift */,
				92B3B1BD1A22754D0091DA58 /* Main.storyboard */,
				92B3B1C01A22754D0091DA58 /* Images.xcassets */,
				92B3B1C21A22754D0091DA58 /* LaunchScreen.xib */,
				92B3B1B71A22754D0091DA58 /* Supporting Files */,
				92B3B1DD1A227B4A0091DA58 /* TickleGestureRecognizer.swift */,
				92B3B1DF1A227D5C0091DA58 /* ejemplo-Bridging-Header.h */,
			);
			path = ejemplo;
			sourceTree = "<group>";
		};
		92B3B1B71A22754D0091DA58 /* Supporting Files */ = {
			isa = PBXGroup;
			children = (
				92B3B1B81A22754D0091DA58 /* Info.plist */,
			);
			name = "Supporting Files";
			sourceTree = "<group>";
		};
		92B3B1CC1A22754D0091DA58 /* ejemploTests */ = {
			isa = PBXGroup;
			children = (
				92B3B1CF1A22754D0091DA58 /* ejemploTests.swift */,
				92B3B1CD1A22754D0091DA58 /* Supporting Files */,
			);
			path = ejemploTests;
			sourceTree = "<group>";
		};
		92B3B1CD1A22754D0091DA58 /* Supporting Files */ = {
			isa = PBXGroup;
			children = (
				92B3B1CE1A22754D0091DA58 /* Info.plist */,
			);
			name = "Supporting Files";
			sourceTree = "<group>";
		};
/* End PBXGroup section */

/* Begin PBXNativeTarget section */
		92B3B1B31A22754D0091DA58 /* ejemplo */ = {
			isa = PBXNativeTarget;
			buildConfigurationList = 92B3B1D31A22754D0091DA58 /* Build configuration list for PBXNativeTarget "ejemplo" */;
			buildPhases = (
				92B3B1B01A22754D0091DA58 /* Sources */,
				92B3B1B11A22754D0091DA58 /* Frameworks */,
				92B3B1B21A22754D0091DA58 /* Resources */,
			);
			buildRules = (
			);
			dependencies = (
			);
			name = ejemplo;
			productName = ejemplo;
			productReference = 92B3B1B41A22754D0091DA58 /* ejemplo.app */;
			productType = "com.apple.product-type.application";
		};
		92B3B1C81A22754D0091DA58 /* ejemploTests */ = {
			isa = PBXNativeTarget;
			buildConfigurationList = 92B3B1D61A22754D0091DA58 /* Build configuration list for PBXNativeTarget "ejemploTests" */;
			buildPhases = (
				92B3B1C51A22754D0091DA58 /* Sources */,
				92B3B1C61A22754D0091DA58 /* Frameworks */,
				92B3B1C71A22754D0091DA58 /* Resources */,
			);
			buildRules = (
			);
			dependencies = (
				92B3B1CB1A22754D0091DA58 /* PBXTargetDependency */,
			);
			name = ejemploTests;
			productName = ejemploTests;
			productReference = 92B3B1C91A22754D0091DA58 /* ejemploTests.xctest */;
			productType = "com.apple.product-type.bundle.unit-test";
		};
/* End PBXNativeTarget section */

/* Begin PBXProject section */
		92B3B1AC1A22754D0091DA58 /* Project object */ = {
			isa = PBXProject;
			attributes = {
				LastUpgradeCheck = 0610;
				ORGANIZATIONNAME = "Marco Baeza";
				TargetAttributes = {
					92B3B1B31A22754D0091DA58 = {
						CreatedOnToolsVersion = 6.1;
					};
					92B3B1C81A22754D0091DA58 = {
						CreatedOnToolsVersion = 6.1;
						TestTargetID = 92B3B1B31A22754D0091DA58;
					};
				};
			};
			buildConfigurationList = 92B3B1AF1A22754D0091DA58 /* Build configuration list for PBXProject "ejemplo" */;
			compatibilityVersion = "Xcode 3.2";
			developmentRegion = English;
			hasScannedForEncodings = 0;
			knownRegions = (
				en,
				Base,
			);
			mainGroup = 92B3B1AB1A22754D0091DA58;
			productRefGroup = 92B3B1B51A22754D0091DA58 /* Products */;
			projectDirPath = "";
			projectRoot = "";
			targets = (
				92B3B1B31A22754D0091DA58 /* ejemplo */,
				92B3B1C81A22754D0091DA58 /* ejemploTests */,
			);
		};
/* End PBXProject section */

/* Begin PBXResourcesBuildPhase section */
		92B3B1B21A22754D0091DA58 /* Resources */ = {
			isa = PBXResourcesBuildPhase;
			buildActionMask = 2147483647;
			files = (
				92B3B1BF1A22754D0091DA58 /* Main.storyboard in Resources */,
				92B3B1C41A22754D0091DA58 /* LaunchScreen.xib in Resources */,
				92B3B1DC1A2275D80091DA58 /* monkey.png in Resources */,
				92B3B1DB1A2275D80091DA58 /* banana.png in Resources */,
				92B3B1C11A22754D0091DA58 /* Images.xcassets in Resources */,
			);
			runOnlyForDeploymentPostprocessing = 0;
		};
		92B3B1C71A22754D0091DA58 /* Resources */ = {
			isa = PBXResourcesBuildPhase;
			buildActionMask = 2147483647;
			files = (
			);
			runOnlyForDeploymentPostprocessing = 0;
		};
/* End PBXResourcesBuildPhase section */

/* Begin PBXSourcesBuildPhase section */
		92B3B1B01A22754D0091DA58 /* Sources */ = {
			isa = PBXSourcesBuildPhase;
			buildActionMask = 2147483647;
			files = (
				92B3B1BC1A22754D0091DA58 /* ViewController.swift in Sources */,
				92B3B1DE1A227B4A0091DA58 /* TickleGestureRecognizer.swift in Sources */,
				92B3B1BA1A22754D0091DA58 /* AppDelegate.swift in Sources */,
			);
			runOnlyForDeploymentPostprocessing = 0;
		};
		92B3B1C51A22754D0091DA58 /* Sources */ = {
			isa = PBXSourcesBuildPhase;
			buildActionMask = 2147483647;
			files = (
				92B3B1D01A22754D0091DA58 /* ejemploTests.swift in Sources */,
			);
			runOnlyForDeploymentPostprocessing = 0;
		};
/* End PBXSourcesBuildPhase section */

/* Begin PBXTargetDependency section */
		92B3B1CB1A22754D0091DA58 /* PBXTargetDependency */ = {
			isa = PBXTargetDependency;
			target = 92B3B1B31A22754D0091DA58 /* ejemplo */;
			targetProxy = 92B3B1CA1A22754D0091DA58 /* PBXContainerItemProxy */;
		};
/* End PBXTargetDependency section */

/* Begin PBXVariantGroup section */
		92B3B1BD1A22754D0091DA58 /* Main.storyboard */ = {
			isa = PBXVariantGroup;
			children = (
				92B3B1BE1A22754D0091DA58 /* Base */,
			);
			name = Main.storyboard;
			sourceTree = "<group>";
		};
		92B3B1C21A22754D0091DA58 /* LaunchScreen.xib */ = {
			isa = PBXVariantGroup;
			children = (
				92B3B1C31A22754D0091DA58 /* Base */,
			);
			name = LaunchScreen.xib;
			sourceTree = "<group>";
		};
/* End PBXVariantGroup section */

/* Begin XCBuildConfiguration section */
		92B3B1D11A22754D0091DA58 /* Debug */ = {
			isa = XCBuildConfiguration;
			buildSettings = {
				ALWAYS_SEARCH_USER_PATHS = NO;
				CLANG_CXX_LANGUAGE_STANDARD = "gnu++0x";
				CLANG_CXX_LIBRARY = "libc++";
				CLANG_ENABLE_MODULES = YES;
				CLANG_ENABLE_OBJC_ARC = YES;
				CLANG_WARN_BOOL_CONVERSION = YES;
				CLANG_WARN_CONSTANT_CONVERSION = YES;
				CLANG_WARN_DIRECT_OBJC_ISA_USAGE = YES_ERROR;
				CLANG_WARN_EMPTY_BODY = YES;
				CLANG_WARN_ENUM_CONVERSION = YES;
				CLANG_WARN_INT_CONVERSION = YES;
				CLANG_WARN_OBJC_ROOT_CLASS = YES_ERROR;
				CLANG_WARN_UNREACHABLE_CODE = YES;
				CLANG_WARN__DUPLICATE_METHOD_MATCH = YES;
				"CODE_SIGN_IDENTITY[sdk=iphoneos*]" = "iPhone Developer";
				COPY_PHASE_STRIP = NO;
				ENABLE_STRICT_OBJC_MSGSEND = YES;
				GCC_C_LANGUAGE_STANDARD = gnu99;
				GCC_DYNAMIC_NO_PIC = NO;
				GCC_OPTIMIZATION_LEVEL = 0;
				GCC_PREPROCESSOR_DEFINITIONS = (
					"DEBUG=1",
					"$(inherited)",
				);
				GCC_SYMBOLS_PRIVATE_EXTERN = NO;
				GCC_WARN_64_TO_32_BIT_CONVERSION = YES;
				GCC_WARN_ABOUT_RETURN_TYPE = YES_ERROR;
				GCC_WARN_UNDECLARED_SELECTOR = YES;
				GCC_WARN_UNINITIALIZED_AUTOS = YES_AGGRESSIVE;
				GCC_WARN_UNUSED_FUNCTION = YES;
				GCC_WARN_UNUSED_VARIABLE = YES;
				IPHONEOS_DEPLOYMENT_TARGET = 8.1;
				MTL_ENABLE_DEBUG_INFO = YES;
				ONLY_ACTIVE_ARCH = YES;
				SDKROOT = iphoneos;
				SWIFT_OPTIMIZATION_LEVEL = "-Onone";
				TARGETED_DEVICE_FAMILY = 2;
			};
			name = Debug;
		};
		92B3B1D21A22754D0091DA58 /* Release */ = {
			isa = XCBuildConfiguration;
			buildSettings = {
				ALWAYS_SEARCH_USER_PATHS = NO;
				CLANG_CXX_LANGUAGE_STANDARD = "gnu++0x";
				CLANG_CXX_LIBRARY = "libc++";
				CLANG_ENABLE_MODULES = YES;
				CLANG_ENABLE_OBJC_ARC = YES;
				CLANG_WARN_BOOL_CONVERSION = YES;
				CLANG_WARN_CONSTANT_CONVERSION = YES;
				CLANG_WARN_DIRECT_OBJC_ISA_USAGE = YES_ERROR;
				CLANG_WARN_EMPTY_BODY = YES;
				CLANG_WARN_ENUM_CONVERSION = YES;
				CLANG_WARN_INT_CONVERSION = YES;
				CLANG_WARN_OBJC_ROOT_CLASS = YES_ERROR;
				CLANG_WARN_UNREACHABLE_CODE = YES;
				CLANG_WARN__DUPLICATE_METHOD_MATCH = YES;
				"CODE_SIGN_IDENTITY[sdk=iphoneos*]" = "iPhone Developer";
				COPY_PHASE_STRIP = YES;
				ENABLE_NS_ASSERTIONS = NO;
				ENABLE_STRICT_OBJC_MSGSEND = YES;
				GCC_C_LANGUAGE_STANDARD = gnu99;
				GCC_WARN_64_TO_32_BIT_CONVERSION = YES;
				GCC_WARN_ABOUT_RETURN_TYPE = YES_ERROR;
				GCC_WARN_UNDECLARED_SELECTOR = YES;
				GCC_WARN_UNINITIALIZED_AUTOS = YES_AGGRESSIVE;
				GCC_WARN_UNUSED_FUNCTION = YES;
				GCC_WARN_UNUSED_VARIABLE = YES;
				IPHONEOS_DEPLOYMENT_TARGET = 8.1;
				MTL_ENABLE_DEBUG_INFO = NO;
				SDKROOT = iphoneos;
				TARGETED_DEVICE_FAMILY = 2;
				VALIDATE_PRODUCT = YES;
			};
			name = Release;
		};
		92B3B1D41A22754D0091DA58 /* Debug */ = {
			isa = XCBuildConfiguration;
			buildSettings = {
				ASSETCATALOG_COMPILER_APPICON_NAME = AppIcon;
				CLANG_ENABLE_MODULES = YES;
				INFOPLIST_FILE = ejemplo/Info.plist;
				LD_RUNPATH_SEARCH_PATHS = "$(inherited) @executable_path/Frameworks";
				PRODUCT_NAME = "$(TARGET_NAME)";
				SWIFT_OBJC_BRIDGING_HEADER = "ejemplo/ejemplo-Bridging-Header.h";
				SWIFT_OPTIMIZATION_LEVEL = "-Onone";
			};
			name = Debug;
		};
		92B3B1D51A22754D0091DA58 /* Release */ = {
			isa = XCBuildConfiguration;
			buildSettings = {
				ASSETCATALOG_COMPILER_APPICON_NAME = AppIcon;
				CLANG_ENABLE_MODULES = YES;
				INFOPLIST_FILE = ejemplo/Info.plist;
				LD_RUNPATH_SEARCH_PATHS = "$(inherited) @executable_path/Frameworks";
				PRODUCT_NAME = "$(TARGET_NAME)";
				SWIFT_OBJC_BRIDGING_HEADER = "ejemplo/ejemplo-Bridging-Header.h";
			};
			name = Release;
		};
		92B3B1D71A22754D0091DA58 /* Debug */ = {
			isa = XCBuildConfiguration;
			buildSettings = {
				BUNDLE_LOADER = "$(TEST_HOST)";
				FRAMEWORK_SEARCH_PATHS = (
					"$(SDKROOT)/Developer/Library/Frameworks",
					"$(inherited)",
				);
				GCC_PREPROCESSOR_DEFINITIONS = (
					"DEBUG=1",
					"$(inherited)",
				);
				INFOPLIST_FILE = ejemploTests/Info.plist;
				LD_RUNPATH_SEARCH_PATHS = "$(inherited) @executable_path/Frameworks @loader_path/Frameworks";
				PRODUCT_NAME = "$(TARGET_NAME)";
				TEST_HOST = "$(BUILT_PRODUCTS_DIR)/ejemplo.app/ejemplo";
			};
			name = Debug;
		};
		92B3B1D81A22754D0091DA58 /* Release */ = {
			isa = XCBuildConfiguration;
			buildSettings = {
				BUNDLE_LOADER = "$(TEST_HOST)";
				FRAMEWORK_SEARCH_PATHS = (
					"$(SDKROOT)/Developer/Library/Frameworks",
					"$(inherited)",
				);
				INFOPLIST_FILE = ejemploTests/Info.plist;
				LD_RUNPATH_SEARCH_PATHS = "$(inherited) @executable_path/Frameworks @loader_path/Frameworks";
				PRODUCT_NAME = "$(TARGET_NAME)";
				TEST_HOST = "$(BUILT_PRODUCTS_DIR)/ejemplo.app/ejemplo";
			};
			name = Release;
		};
/* End XCBuildConfiguration section */

/* Begin XCConfigurationList section */
		92B3B1AF1A22754D0091DA58 /* Build configuration list for PBXProject "ejemplo" */ = {
			isa = XCConfigurationList;
			buildConfigurations = (
				92B3B1D11A22754D0091DA58 /* Debug */,
				92B3B1D21A22754D0091DA58 /* Release */,
			);
			defaultConfigurationIsVisible = 0;
			defaultConfigurationName = Release;
		};
		92B3B1D31A22754D0091DA58 /* Build configuration list for PBXNativeTarget "ejemplo" */ = {
			isa = XCConfigurationList;
			buildConfigurations = (
				92B3B1D41A22754D0091DA58 /* Debug */,
				92B3B1D51A22754D0091DA58 /* Release */,
			);
			defaultConfigurationIsVisible = 0;
		};
		92B3B1D61A22754D0091DA58 /* Build configuration list for PBXNativeTarget "ejemploTests" */ = {
			isa = XCConfigurationList;
			buildConfigurations = (
				92B3B1D71A22754D0091DA58 /* Debug */,
				92B3B1D81A22754D0091DA58 /* Release */,
			);
			defaultConfigurationIsVisible = 0;
		};
/* End XCConfigurationList section */
	};
	rootObject = 92B3B1AC1A22754D0091DA58 /* Project object */;
}
